
Microsoft Visual Studio Solution File, Format Version 12.00
# Visual Studio Version 17
VisualStudioVersion = 17.11.35312.102
MinimumVisualStudioVersion = 10.0.40219.1
Project("{9A19103F-16F7-4668-BE54-9A1E7A4F7556}") = "BeestjeOpJeFeestje", "BeestjeOpJeFeestje\BeestjeOpJeFeestje.csproj", "{8DE462AE-3025-44E4-97E7-1F9B3204E02D}"
EndProject
Project("{9A19103F-16F7-4668-BE54-9A1E7A4F7556}") = "BeestjeOpJeFeestje.Services", "BeestjeOpJeFeestje.Services\BeestjeOpJeFeestje.Services.csproj", "{2CFD3527-6B67-4596-B661-E6538917A419}"
EndProject
Project("{FAE04EC0-301F-11D3-BF4B-00C04F79EFBC}") = "BeestjeOpJeFeestje.Tests", "BeestjeOpJeFeestje.Tests\BeestjeOpJeFeestje.Tests.csproj", "{163C6C43-0E0F-4D4C-9029-BDE74D00AEFE}"
EndProject
Project("{FAE04EC0-301F-11D3-BF4B-00C04F79EFBC}") = "BeestjeOpJeFeestje.Data", "BeestjeOpJeFeestje.Data\BeestjeOpJeFeestje.Data.csproj", "{2BD0569F-B276-4781-837E-2BF51A7E917F}"
EndProject
Global
	GlobalSection(SolutionConfigurationPlatforms) = preSolution
		Debug|Any CPU = Debug|Any CPU
		Release|Any CPU = Release|Any CPU
	EndGlobalSection
	GlobalSection(ProjectConfigurationPlatforms) = postSolution
		{8DE462AE-3025-44E4-97E7-1F9B3204E02D}.Debug|Any CPU.ActiveCfg = Debug|Any CPU
		{8DE462AE-3025-44E4-97E7-1F9B3204E02D}.Debug|Any CPU.Build.0 = Debug|Any CPU
		{8DE462AE-3025-44E4-97E7-1F9B3204E02D}.Release|Any CPU.ActiveCfg = Release|Any CPU
		{8DE462AE-3025-44E4-97E7-1F9B3204E02D}.Release|Any CPU.Build.0 = Release|Any CPU
		{2CFD3527-6B67-4596-B661-E6538917A419}.Debug|Any CPU.ActiveCfg = Debug|Any CPU
		{2CFD3527-6B67-4596-B661-E6538917A419}.Debug|Any CPU.Build.0 = Debug|Any CPU
		{2CFD3527-6B67-4596-B661-E6538917A419}.Release|Any CPU.ActiveCfg = Release|Any CPU
		{2CFD3527-6B67-4596-B661-E6538917A419}.Release|Any CPU.Build.0 = Release|Any CPU
		{163C6C43-0E0F-4D4C-9029-BDE74D00AEFE}.Debug|Any CPU.ActiveCfg = Debug|Any CPU
		{163C6C43-0E0F-4D4C-9029-BDE74D00AEFE}.Debug|Any CPU.Build.0 = Debug|Any CPU
		{163C6C43-0E0F-4D4C-9029-BDE74D00AEFE}.Release|Any CPU.ActiveCfg = Release|Any CPU
		{163C6C43-0E0F-4D4C-9029-BDE74D00AEFE}.Release|Any CPU.Build.0 = Release|Any CPU
		{2BD0569F-B276-4781-837E-2BF51A7E917F}.Debug|Any CPU.ActiveCfg = Debug|Any CPU
		{2BD0569F-B276-4781-837E-2BF51A7E917F}.Debug|Any CPU.Build.0 = Debug|Any CPU
		{2BD0569F-B276-4781-837E-2BF51A7E917F}.Release|Any CPU.ActiveCfg = Release|Any CPU
		{2BD0569F-B276-4781-837E-2BF51A7E917F}.Release|Any CPU.Build.0 = Release|Any CPU
	EndGlobalSection
	GlobalSection(SolutionProperties) = preSolution
		HideSolutionNode = FALSE
	EndGlobalSection
	GlobalSection(ExtensibilityGlobals) = postSolution
		SolutionGuid = {18AA211A-BCDA-4262-90B0-845575A09023}
	EndGlobalSection
EndGlobal
